<?xml version="1.0" encoding="utf-8"?>
<Project ToolsVersion="4.0" xmlns="http://schemas.microsoft.com/developer/msbuild/2003">
  <ItemGroup>
    <Filter Include="Source Files">
      <UniqueIdentifier>{4FC737F1-C7A5-4376-A066-2A32D752A2FF}</UniqueIdentifier>
      <Extensions>cpp;c;cc;cxx;c++;cppm;ixx;def;odl;idl;hpj;bat;asm;asmx</Extensions>
    </Filter>
    <Filter Include="Header Files">
      <UniqueIdentifier>{93995380-89BD-4b04-88EB-625FBE52EBFB}</UniqueIdentifier>
      <Extensions>h;hh;hpp;hxx;h++;hm;inl;inc;ipp;xsd</Extensions>
    </Filter>
    <Filter Include="Resource Files">
      <UniqueIdentifier>{67DA6AB6-F800-4c08-8B7A-83BB121AAD01}</UniqueIdentifier>
      <Extensions>rc;ico;cur;bmp;dlg;rc2;rct;bin;rgs;gif;jpg;jpeg;jpe;resx;tiff;tif;png;wav;mfcribbon-ms</Extensions>
    </Filter>
  </ItemGroup>
  <ItemGroup>
    <ClCompile Include="engine\Core\Application\Application.cpp">
      <Filter>Source Files</Filter>
    </ClCompile>
    <ClCompile Include="engine\Core\Application\Commandlet.cpp">
      <Filter>Source Files</Filter>
    </ClCompile>
    <ClCompile Include="engine\Core\Application\InputManager.cpp">
      <Filter>Source Files</Filter>
    </ClCompile>
    <ClCompile Include="engine\Core\Layers\Layer.cpp">
      <Filter>Source Files</Filter>
    </ClCompile>
    <ClCompile Include="engine\Core\Layers\LayerManager.cpp">
      <Filter>Source Files</Filter>
    </ClCompile>
    <ClCompile Include="engine\Core\Common\Array.cpp">
      <Filter>Source Files</Filter>
    </ClCompile>
    <ClCompile Include="engine\Core\Common\Delegate.cpp">
      <Filter>Source Files</Filter>
    </ClCompile>
    <ClCompile Include="engine\Core\Common\MemoryManager.cpp">
      <Filter>Source Files</Filter>
    </ClCompile>
    <ClCompile Include="engine\Core\File\Archive.cpp">
      <Filter>Source Files</Filter>
    </ClCompile>
    <ClCompile Include="engine\Core\File\Config.cpp">
      <Filter>Source Files</Filter>
    </ClCompile>
    <ClCompile Include="engine\Core\File\ConfigCollection.cpp">
      <Filter>Source Files</Filter>
    </ClCompile>
    <ClCompile Include="engine\Core\File\File.cpp">
      <Filter>Source Files</Filter>
    </ClCompile>
    <ClCompile Include="engine\Core\Log\Exception.cpp">
      <Filter>Source Files</Filter>
    </ClCompile>
    <ClCompile Include="engine\Core\Log\Log.cpp">
      <Filter>Source Files</Filter>
    </ClCompile>
    <ClCompile Include="engine\Core\Timer\Timer.cpp">
      <Filter>Source Files</Filter>
    </ClCompile>
    <ClCompile Include="engine\Core\Types\String.cpp">
      <Filter>Source Files</Filter>
    </ClCompile>
    <ClCompile Include="engine\Core\Types\Vector.cpp">
      <Filter>Source Files</Filter>
    </ClCompile>
    <ClCompile Include="engine\Core\Window\Window.cpp">
      <Filter>Source Files</Filter>
    </ClCompile>
    <ClCompile Include="engine\Core\Window\WindowManager.cpp">
      <Filter>Source Files</Filter>
    </ClCompile>
    <ClCompile Include="engine\Core\Common\Pointers.cpp">
      <Filter>Source Files</Filter>
    </ClCompile>
    <ClCompile Include="engine\Core\AssetLoader\Mesh\StaticMesh.cpp">
      <Filter>Source Files</Filter>
    </ClCompile>
    <ClCompile Include="engine\Core\Common\Guid.cpp">
      <Filter>Source Files</Filter>
    </ClCompile>
    <ClCompile Include="engine\Graphics\GraphicsEngine\ConstantBuffer.cpp">
      <Filter>Source Files</Filter>
    </ClCompile>
    <ClCompile Include="engine\Graphics\GraphicsEngine\Camera.cpp">
      <Filter>Source Files</Filter>
    </ClCompile>
    <ClCompile Include="engine\Graphics\GraphicsEngine\GraphicsDevice.cpp">
      <Filter>Source Files</Filter>
    </ClCompile>
    <ClCompile Include="engine\Graphics\GraphicsEngine\QueuedRender.cpp">
      <Filter>Source Files</Filter>
    </ClCompile>
    <ClCompile Include="engine\Graphics\GraphicsEngine\SceneGraph.cpp">
      <Filter>Source Files</Filter>
    </ClCompile>
    <ClCompile Include="engine\Graphics\GraphicsEngine\VertexBuffer.cpp">
      <Filter>Source Files</Filter>
    </ClCompile>
    <ClCompile Include="engine\Launch.cpp">
      <Filter>Source Files</Filter>
    </ClCompile>
    <ClCompile Include="engine\Graphics\Widgets\Common\FontAsset.cpp">
      <Filter>Source Files</Filter>
    </ClCompile>
    <ClCompile Include="engine\Graphics\Widgets\Components\TextBlock.cpp">
      <Filter>Source Files</Filter>
    </ClCompile>
    <ClCompile Include="engine\Graphics\Widgets\Viewport.cpp">
      <Filter>Source Files</Filter>
    </ClCompile>
    <ClCompile Include="engine\Graphics\Widgets\Visual.cpp">
      <Filter>Source Files</Filter>
    </ClCompile>
    <ClCompile Include="engine\Async\Semaphore.cpp">
      <Filter>Source Files</Filter>
    </ClCompile>
    <ClCompile Include="engine\Async\SlowTask.cpp">
      <Filter>Source Files</Filter>
    </ClCompile>
    <ClCompile Include="engine\Async\Thread.cpp">
      <Filter>Source Files</Filter>
    </ClCompile>
    <ClCompile Include="engine\Core\Object\GameObject.cpp">
      <Filter>Source Files</Filter>
    </ClCompile>
    <ClCompile Include="engine\Core\Object\Object.cpp">
      <Filter>Source Files</Filter>
    </ClCompile>
    <ClCompile Include="engine\Graphics\GraphicsEngine\MeshModel.cpp">
      <Filter>Source Files</Filter>
    </ClCompile>
    <ClCompile Include="engine\Core\Serialisation\FontImporter.cpp">
      <Filter>Source Files</Filter>
    </ClCompile>
    <ClCompile Include="engine\Core\Serialisation\Importer.cpp">
      <Filter>Source Files</Filter>
    </ClCompile>
    <ClCompile Include="engine\Core\Serialisation\AssetManager.cpp">
      <Filter>Source Files</Filter>
    </ClCompile>
    <ClCompile Include="engine\Graphics\GraphicsEngine\D3D11\Direct3DDevice.cpp">
      <Filter>Source Files</Filter>
    </ClCompile>
    <ClCompile Include="engine\Platform\Windows\WinWindowManager.cpp">
      <Filter>Source Files</Filter>
    </ClCompile>
    <ClCompile Include="engine\Platform\Windows\WinWindow.cpp">
      <Filter>Source Files</Filter>
    </ClCompile>
  </ItemGroup>
  <ItemGroup>
    <ClInclude Include="engine\Core\Application\Application.h">
      <Filter>Header Files</Filter>
    </ClInclude>
    <ClInclude Include="engine\Core\Application\Commandlet.h">
      <Filter>Header Files</Filter>
    </ClInclude>
    <ClInclude Include="engine\Core\Application\InputManager.h">
      <Filter>Header Files</Filter>
    </ClInclude>
    <ClInclude Include="engine\Core\Layers\Layer.h">
      <Filter>Header Files</Filter>
    </ClInclude>
    <ClInclude Include="engine\Core\Layers\LayerManager.h">
      <Filter>Header Files</Filter>
    </ClInclude>
    <ClInclude Include="engine\Core\Common\Array.h">
      <Filter>Header Files</Filter>
    </ClInclude>
    <ClInclude Include="engine\Core\Common\Delegate.h">
      <Filter>Header Files</Filter>
    </ClInclude>
    <ClInclude Include="engine\Core\Common\MemoryManager.h">
      <Filter>Header Files</Filter>
    </ClInclude>
    <ClInclude Include="engine\Core\File\Archive.h">
      <Filter>Header Files</Filter>
    </ClInclude>
    <ClInclude Include="engine\Core\File\Config.h">
      <Filter>Header Files</Filter>
    </ClInclude>
    <ClInclude Include="engine\Core\File\ConfigCollection.h">
      <Filter>Header Files</Filter>
    </ClInclude>
    <ClInclude Include="engine\Core\File\File.h">
      <Filter>Header Files</Filter>
    </ClInclude>
    <ClInclude Include="engine\Core\Log\Exception.h">
      <Filter>Header Files</Filter>
    </ClInclude>
    <ClInclude Include="engine\Core\Log\Log.h">
      <Filter>Header Files</Filter>
    </ClInclude>
    <ClInclude Include="engine\Core\Log\LogMacros.h">
      <Filter>Header Files</Filter>
    </ClInclude>
    <ClInclude Include="engine\Core\Math\Conversions.h">
      <Filter>Header Files</Filter>
    </ClInclude>
    <ClInclude Include="engine\Core\Timer\Timer.h">
      <Filter>Header Files</Filter>
    </ClInclude>
    <ClInclude Include="engine\Core\Types\Cast.h">
      <Filter>Header Files</Filter>
    </ClInclude>
    <ClInclude Include="engine\Core\Types\PlatformDefs.h">
      <Filter>Header Files</Filter>
    </ClInclude>
    <ClInclude Include="engine\Core\Types\String.h">
      <Filter>Header Files</Filter>
    </ClInclude>
    <ClInclude Include="engine\Core\Types\Vector.h">
      <Filter>Header Files</Filter>
    </ClInclude>
    <ClInclude Include="engine\Core\Window\Window.h">
      <Filter>Header Files</Filter>
    </ClInclude>
    <ClInclude Include="engine\Core\Window\WindowManager.h">
      <Filter>Header Files</Filter>
    </ClInclude>
    <ClInclude Include="engine\Platform\Windows\MinWin.h">
      <Filter>Header Files</Filter>
    </ClInclude>
    <ClInclude Include="engine\Version.h">
      <Filter>Header Files</Filter>
    </ClInclude>
    <ClInclude Include="engine\ThirdParty\assimp\Compiler\poppack1.h">
      <Filter>Header Files</Filter>
    </ClInclude>
    <ClInclude Include="engine\ThirdParty\assimp\Compiler\pstdint.h">
      <Filter>Header Files</Filter>
    </ClInclude>
    <ClInclude Include="engine\ThirdParty\assimp\Compiler\pushpack1.h">
      <Filter>Header Files</Filter>
    </ClInclude>
    <ClInclude Include="engine\ThirdParty\assimp\port\AndroidJNI\AndroidJNIIOSystem.h">
      <Filter>Header Files</Filter>
    </ClInclude>
    <ClInclude Include="engine\ThirdParty\assimp\port\AndroidJNI\BundledAssetIOSystem.h">
      <Filter>Header Files</Filter>
    </ClInclude>
    <ClInclude Include="engine\ThirdParty\assimp\aabb.h">
      <Filter>Header Files</Filter>
    </ClInclude>
    <ClInclude Include="engine\ThirdParty\assimp\ai_assert.h">
      <Filter>Header Files</Filter>
    </ClInclude>
    <ClInclude Include="engine\ThirdParty\assimp\anim.h">
      <Filter>Header Files</Filter>
    </ClInclude>
    <ClInclude Include="engine\ThirdParty\assimp\Base64.hpp">
      <Filter>Header Files</Filter>
    </ClInclude>
    <ClInclude Include="engine\ThirdParty\assimp\BaseImporter.h">
      <Filter>Header Files</Filter>
    </ClInclude>
    <ClInclude Include="engine\ThirdParty\assimp\Bitmap.h">
      <Filter>Header Files</Filter>
    </ClInclude>
    <ClInclude Include="engine\ThirdParty\assimp\BlobIOSystem.h">
      <Filter>Header Files</Filter>
    </ClInclude>
    <ClInclude Include="engine\ThirdParty\assimp\ByteSwapper.h">
      <Filter>Header Files</Filter>
    </ClInclude>
    <ClInclude Include="engine\ThirdParty\assimp\camera.h">
      <Filter>Header Files</Filter>
    </ClInclude>
    <ClInclude Include="engine\ThirdParty\assimp\cexport.h">
      <Filter>Header Files</Filter>
    </ClInclude>
    <ClInclude Include="engine\ThirdParty\assimp\cfileio.h">
      <Filter>Header Files</Filter>
    </ClInclude>
    <ClInclude Include="engine\ThirdParty\assimp\cimport.h">
      <Filter>Header Files</Filter>
    </ClInclude>
    <ClInclude Include="engine\ThirdParty\assimp\ColladaMetaData.h">
      <Filter>Header Files</Filter>
    </ClInclude>
    <ClInclude Include="engine\ThirdParty\assimp\color4.h">
      <Filter>Header Files</Filter>
    </ClInclude>
    <ClInclude Include="engine\ThirdParty\assimp\commonMetaData.h">
      <Filter>Header Files</Filter>
    </ClInclude>
    <ClInclude Include="engine\ThirdParty\assimp\config.h">
      <Filter>Header Files</Filter>
    </ClInclude>
    <ClInclude Include="engine\ThirdParty\assimp\CreateAnimMesh.h">
      <Filter>Header Files</Filter>
    </ClInclude>
    <ClInclude Include="engine\ThirdParty\assimp\DefaultIOStream.h">
      <Filter>Header Files</Filter>
    </ClInclude>
    <ClInclude Include="engine\ThirdParty\assimp\DefaultIOSystem.h">
      <Filter>Header Files</Filter>
    </ClInclude>
    <ClInclude Include="engine\ThirdParty\assimp\DefaultLogger.hpp">
      <Filter>Header Files</Filter>
    </ClInclude>
    <ClInclude Include="engine\ThirdParty\assimp\defs.h">
      <Filter>Header Files</Filter>
    </ClInclude>
    <ClInclude Include="engine\ThirdParty\assimp\Exceptional.h">
      <Filter>Header Files</Filter>
    </ClInclude>
    <ClInclude Include="engine\ThirdParty\assimp\Exporter.hpp">
      <Filter>Header Files</Filter>
    </ClInclude>
    <ClInclude Include="engine\ThirdParty\assimp\fast_atof.h">
      <Filter>Header Files</Filter>
    </ClInclude>
    <ClInclude Include="engine\ThirdParty\assimp\GenericProperty.h">
      <Filter>Header Files</Filter>
    </ClInclude>
    <ClInclude Include="engine\ThirdParty\assimp\GltfMaterial.h">
      <Filter>Header Files</Filter>
    </ClInclude>
    <ClInclude Include="engine\ThirdParty\assimp\Hash.h">
      <Filter>Header Files</Filter>
    </ClInclude>
    <ClInclude Include="engine\ThirdParty\assimp\Importer.hpp">
      <Filter>Header Files</Filter>
    </ClInclude>
    <ClInclude Include="engine\ThirdParty\assimp\importerdesc.h">
      <Filter>Header Files</Filter>
    </ClInclude>
    <ClInclude Include="engine\ThirdParty\assimp\IOStream.hpp">
      <Filter>Header Files</Filter>
    </ClInclude>
    <ClInclude Include="engine\ThirdParty\assimp\IOStreamBuffer.h">
      <Filter>Header Files</Filter>
    </ClInclude>
    <ClInclude Include="engine\ThirdParty\assimp\IOSystem.hpp">
      <Filter>Header Files</Filter>
    </ClInclude>
    <ClInclude Include="engine\ThirdParty\assimp\light.h">
      <Filter>Header Files</Filter>
    </ClInclude>
    <ClInclude Include="engine\ThirdParty\assimp\LineSplitter.h">
      <Filter>Header Files</Filter>
    </ClInclude>
    <ClInclude Include="engine\ThirdParty\assimp\LogAux.h">
      <Filter>Header Files</Filter>
    </ClInclude>
    <ClInclude Include="engine\ThirdParty\assimp\Logger.hpp">
      <Filter>Header Files</Filter>
    </ClInclude>
    <ClInclude Include="engine\ThirdParty\assimp\LogStream.hpp">
      <Filter>Header Files</Filter>
    </ClInclude>
    <ClInclude Include="engine\ThirdParty\assimp\material.h">
      <Filter>Header Files</Filter>
    </ClInclude>
    <ClInclude Include="engine\ThirdParty\assimp\MathFunctions.h">
      <Filter>Header Files</Filter>
    </ClInclude>
    <ClInclude Include="engine\ThirdParty\assimp\matrix3x3.h">
      <Filter>Header Files</Filter>
    </ClInclude>
    <ClInclude Include="engine\ThirdParty\assimp\matrix4x4.h">
      <Filter>Header Files</Filter>
    </ClInclude>
    <ClInclude Include="engine\ThirdParty\assimp\MemoryIOWrapper.h">
      <Filter>Header Files</Filter>
    </ClInclude>
    <ClInclude Include="engine\ThirdParty\assimp\mesh.h">
      <Filter>Header Files</Filter>
    </ClInclude>
    <ClInclude Include="engine\ThirdParty\assimp\metadata.h">
      <Filter>Header Files</Filter>
    </ClInclude>
    <ClInclude Include="engine\ThirdParty\assimp\NullLogger.hpp">
      <Filter>Header Files</Filter>
    </ClInclude>
    <ClInclude Include="engine\ThirdParty\assimp\ObjMaterial.h">
      <Filter>Header Files</Filter>
    </ClInclude>
    <ClInclude Include="engine\ThirdParty\assimp\ParsingUtils.h">
      <Filter>Header Files</Filter>
    </ClInclude>
    <ClInclude Include="engine\ThirdParty\assimp\pbrmaterial.h">
      <Filter>Header Files</Filter>
    </ClInclude>
    <ClInclude Include="engine\ThirdParty\assimp\postprocess.h">
      <Filter>Header Files</Filter>
    </ClInclude>
    <ClInclude Include="engine\ThirdParty\assimp\Profiler.h">
      <Filter>Header Files</Filter>
    </ClInclude>
    <ClInclude Include="engine\ThirdParty\assimp\ProgressHandler.hpp">
      <Filter>Header Files</Filter>
    </ClInclude>
    <ClInclude Include="engine\ThirdParty\assimp\qnan.h">
      <Filter>Header Files</Filter>
    </ClInclude>
    <ClInclude Include="engine\ThirdParty\assimp\quaternion.h">
      <Filter>Header Files</Filter>
    </ClInclude>
    <ClInclude Include="engine\ThirdParty\assimp\RemoveComments.h">
      <Filter>Header Files</Filter>
    </ClInclude>
    <ClInclude Include="engine\ThirdParty\assimp\scene.h">
      <Filter>Header Files</Filter>
    </ClInclude>
    <ClInclude Include="engine\ThirdParty\assimp\SceneCombiner.h">
      <Filter>Header Files</Filter>
    </ClInclude>
    <ClInclude Include="engine\ThirdParty\assimp\SGSpatialSort.h">
      <Filter>Header Files</Filter>
    </ClInclude>
    <ClInclude Include="engine\ThirdParty\assimp\SkeletonMeshBuilder.h">
      <Filter>Header Files</Filter>
    </ClInclude>
    <ClInclude Include="engine\ThirdParty\assimp\SmallVector.h">
      <Filter>Header Files</Filter>
    </ClInclude>
    <ClInclude Include="engine\ThirdParty\assimp\SmoothingGroups.h">
      <Filter>Header Files</Filter>
    </ClInclude>
    <ClInclude Include="engine\ThirdParty\assimp\SpatialSort.h">
      <Filter>Header Files</Filter>
    </ClInclude>
    <ClInclude Include="engine\ThirdParty\assimp\StandardShapes.h">
      <Filter>Header Files</Filter>
    </ClInclude>
    <ClInclude Include="engine\ThirdParty\assimp\StreamReader.h">
      <Filter>Header Files</Filter>
    </ClInclude>
    <ClInclude Include="engine\ThirdParty\assimp\StreamWriter.h">
      <Filter>Header Files</Filter>
    </ClInclude>
    <ClInclude Include="engine\ThirdParty\assimp\StringComparison.h">
      <Filter>Header Files</Filter>
    </ClInclude>
    <ClInclude Include="engine\ThirdParty\assimp\StringUtils.h">
      <Filter>Header Files</Filter>
    </ClInclude>
    <ClInclude Include="engine\ThirdParty\assimp\Subdivision.h">
      <Filter>Header Files</Filter>
    </ClInclude>
    <ClInclude Include="engine\ThirdParty\assimp\texture.h">
      <Filter>Header Files</Filter>
    </ClInclude>
    <ClInclude Include="engine\ThirdParty\assimp\TinyFormatter.h">
      <Filter>Header Files</Filter>
    </ClInclude>
    <ClInclude Include="engine\ThirdParty\assimp\types.h">
      <Filter>Header Files</Filter>
    </ClInclude>
    <ClInclude Include="engine\ThirdParty\assimp\vector2.h">
      <Filter>Header Files</Filter>
    </ClInclude>
    <ClInclude Include="engine\ThirdParty\assimp\vector3.h">
      <Filter>Header Files</Filter>
    </ClInclude>
    <ClInclude Include="engine\ThirdParty\assimp\version.h">
      <Filter>Header Files</Filter>
    </ClInclude>
    <ClInclude Include="engine\ThirdParty\assimp\Vertex.h">
      <Filter>Header Files</Filter>
    </ClInclude>
    <ClInclude Include="engine\ThirdParty\assimp\XmlParser.h">
      <Filter>Header Files</Filter>
    </ClInclude>
    <ClInclude Include="engine\ThirdParty\assimp\XMLTools.h">
      <Filter>Header Files</Filter>
    </ClInclude>
    <ClInclude Include="engine\ThirdParty\assimp\ZipArchiveIOSystem.h">
      <Filter>Header Files</Filter>
    </ClInclude>
    <ClInclude Include="engine\Core\Common\Pointers.h">
      <Filter>Header Files</Filter>
    </ClInclude>
    <ClInclude Include="resources\resource.h">
      <Filter>Header Files</Filter>
    </ClInclude>
    <ClInclude Include="engine\Core\AssetLoader\Mesh\StaticMesh.h">
      <Filter>Header Files</Filter>
    </ClInclude>
    <ClInclude Include="engine\Core\Common\Guid.h">
      <Filter>Header Files</Filter>
    </ClInclude>
    <ClInclude Include="engine\Core\Common\Conversions.h">
      <Filter>Header Files</Filter>
    </ClInclude>
    <ClInclude Include="engine\Graphics\GraphicsEngine\Camera.h">
      <Filter>Header Files</Filter>
    </ClInclude>
    <ClInclude Include="engine\Graphics\GraphicsEngine\ConstantBuffer.h">
      <Filter>Header Files</Filter>
    </ClInclude>
    <ClInclude Include="engine\Graphics\GraphicsEngine\GraphicsDevice.h">
      <Filter>Header Files</Filter>
    </ClInclude>
    <ClInclude Include="engine\Graphics\GraphicsEngine\MeshModel.h">
      <Filter>Header Files</Filter>
    </ClInclude>
    <ClInclude Include="engine\Graphics\GraphicsEngine\QueuedRender.h">
      <Filter>Header Files</Filter>
    </ClInclude>
    <ClInclude Include="engine\Graphics\GraphicsEngine\SceneGraph.h">
      <Filter>Header Files</Filter>
    </ClInclude>
    <ClInclude Include="engine\Graphics\GraphicsEngine\VertexBuffer.h">
      <Filter>Header Files</Filter>
    </ClInclude>
    <ClInclude Include="engine\Async\Semaphore.h">
      <Filter>Header Files</Filter>
    </ClInclude>
    <ClInclude Include="engine\Async\SlowTask.h">
      <Filter>Header Files</Filter>
    </ClInclude>
    <ClInclude Include="engine\Async\Thread.h">
      <Filter>Header Files</Filter>
    </ClInclude>
    <ClInclude Include="engine\Graphics\Widgets\Common\FontAsset.h">
      <Filter>Header Files</Filter>
    </ClInclude>
    <ClInclude Include="engine\Graphics\Widgets\Components\TextBlock.h">
      <Filter>Header Files</Filter>
    </ClInclude>
    <ClInclude Include="engine\Graphics\Widgets\Viewport.h">
      <Filter>Header Files</Filter>
    </ClInclude>
    <ClInclude Include="engine\Graphics\Widgets\Visual.h">
      <Filter>Header Files</Filter>
    </ClInclude>
    <ClInclude Include="engine\Core\Object\GameObject.h">
      <Filter>Header Files</Filter>
    </ClInclude>
    <ClInclude Include="engine\Core\Object\Object.h">
      <Filter>Header Files</Filter>
    </ClInclude>
    <ClInclude Include="engine\ThirdParty\FreeType\ft2build.h">
      <Filter>Header Files</Filter>
    </ClInclude>
    <ClInclude Include="engine\Core\Serialisation\FontImporter.h">
      <Filter>Header Files</Filter>
    </ClInclude>
    <ClInclude Include="engine\Core\Serialisation\Importer.h">
      <Filter>Header Files</Filter>
    </ClInclude>
    <ClInclude Include="engine\Core\Serialisation\AssetManager.h">
      <Filter>Header Files</Filter>
    </ClInclude>
    <ClInclude Include="engine\Graphics\GraphicsEngine\D3D11\Direct3DDevice.h">
      <Filter>Header Files</Filter>
    </ClInclude>
    <ClInclude Include="engine\Core\Layers\OSLayer.h">
      <Filter>Header Files</Filter>
    </ClInclude>
    <ClInclude Include="engine\Platform\Windows\WinWindowManager.h">
      <Filter>Header Files</Filter>
    </ClInclude>
    <ClInclude Include="engine\Platform\Windows\WinWindow.h">
      <Filter>Header Files</Filter>
    </ClInclude>
  </ItemGroup>
  <ItemGroup>
    <None Include="Resources\d1.bin">
      <Filter>Resource Files</Filter>
    </None>
    <None Include="engine\ThirdParty\assimp\color4.inl">
      <Filter>Header Files</Filter>
    </None>
    <None Include="engine\ThirdParty\assimp\material.inl">
      <Filter>Header Files</Filter>
    </None>
    <None Include="engine\ThirdParty\assimp\matrix3x3.inl">
      <Filter>Header Files</Filter>
    </None>
    <None Include="engine\ThirdParty\assimp\matrix4x4.inl">
      <Filter>Header Files</Filter>
    </None>
    <None Include="engine\ThirdParty\assimp\quaternion.inl">
      <Filter>Header Files</Filter>
    </None>
    <None Include="engine\ThirdParty\assimp\SmoothingGroups.inl">
      <Filter>Header Files</Filter>
    </None>
    <None Include="engine\ThirdParty\assimp\vector2.inl">
      <Filter>Header Files</Filter>
    </None>
    <None Include="engine\ThirdParty\assimp\vector3.inl">
      <Filter>Header Files</Filter>
    </None>
    <None Include="engine\Platform\Windows\WindowsSpecific.mrbuild" />
  </ItemGroup>
  <ItemGroup>
    <ResourceCompile Include="resources\sampleapp.rc">
      <Filter>Resource Files</Filter>
    </ResourceCompile>
  </ItemGroup>
  <ItemGroup>
    <Image Include="resources\mr1.ico">
      <Filter>Resource Files</Filter>
    </Image>
  </ItemGroup>
</Project>